<?xml version="1.0" encoding="utf-8"?>
<Project ToolsVersion="4.0" xmlns="http://schemas.microsoft.com/developer/msbuild/2003">
  <ItemGroup>
    <Filter Include="Source Files">
      <UniqueIdentifier>{4FC737F1-C7A5-4376-A066-2A32D752A2FF}</UniqueIdentifier>
      <Extensions>cpp;c;cc;cxx;def;odl;idl;hpj;bat;asm;asmx</Extensions>
    </Filter>
    <Filter Include="Header Files">
      <UniqueIdentifier>{93995380-89BD-4b04-88EB-625FBE52EBFB}</UniqueIdentifier>
      <Extensions>h;hh;hpp;hxx;hm;inl;inc;xsd</Extensions>
    </Filter>
    <Filter Include="Resource Files">
      <UniqueIdentifier>{67DA6AB6-F800-4c08-8B7A-83BB121AAD01}</UniqueIdentifier>
      <Extensions>rc;ico;cur;bmp;dlg;rc2;rct;bin;rgs;gif;jpg;jpeg;jpe;resx;tiff;tif;png;wav</Extensions>
    </Filter>
  </ItemGroup>
  <ItemGroup>
    <ClCompile Include="src\Test.cpp">
      <Filter>Source Files</Filter>
    </ClCompile>
    <ClCompile Include="src\fluidcontrol\EvoCoder.cpp">
      <Filter>Source Files</Filter>
    </ClCompile>
    <ClCompile Include="src\fluidcontrol\Mapping.cpp">
      <Filter>Source Files</Filter>
    </ClCompile>
    <ClCompile Include="src\fluidcontrol\MappingEngine.cpp">
      <Filter>Source Files</Filter>
    </ClCompile>
    <ClCompile Include="src\fluidcontrol\executable\ExecutableMachineGraph.cpp">
      <Filter>Source Files</Filter>
    </ClCompile>
    <ClCompile Include="src\fluidcontrol\executable\containers\BidirectionalSwitch.cpp">
      <Filter>Source Files</Filter>
    </ClCompile>
    <ClCompile Include="src\fluidcontrol\executable\containers\ConvergentSwitch.cpp">
      <Filter>Source Files</Filter>
    </ClCompile>
    <ClCompile Include="src\fluidcontrol\executable\containers\ConvergentSwitchInlet.cpp">
      <Filter>Source Files</Filter>
    </ClCompile>
    <ClCompile Include="src\fluidcontrol\executable\containers\DivergentSwitch.cpp">
      <Filter>Source Files</Filter>
    </ClCompile>
    <ClCompile Include="src\fluidcontrol\executable\containers\DivergentSwitchSink.cpp">
      <Filter>Source Files</Filter>
    </ClCompile>
    <ClCompile Include="src\fluidcontrol\executable\containers\FlowContainer.cpp">
      <Filter>Source Files</Filter>
    </ClCompile>
    <ClCompile Include="src\fluidcontrol\executable\containers\InletContainer.cpp">
      <Filter>Source Files</Filter>
    </ClCompile>
    <ClCompile Include="src\fluidcontrol\executable\containers\SinkContainer.cpp">
      <Filter>Source Files</Filter>
    </ClCompile>
    <ClCompile Include="src\fluidcontrol\executable\containers\actuators\communications\CommunicationsInterface.cpp">
      <Filter>Source Files</Filter>
    </ClCompile>
    <ClCompile Include="src\fluidcontrol\executable\containers\actuators\communications\FileSender.cpp">
      <Filter>Source Files</Filter>
    </ClCompile>
    <ClCompile Include="src\fluidcontrol\executable\containers\actuators\communications\SerialSender.cpp">
      <Filter>Source Files</Filter>
    </ClCompile>
    <ClCompile Include="src\fluidcontrol\machinegraph\ContainerNode.cpp">
      <Filter>Source Files</Filter>
    </ClCompile>
    <ClCompile Include="src\fluidcontrol\machinegraph\ContainerNodeType.cpp">
      <Filter>Source Files</Filter>
    </ClCompile>
    <ClCompile Include="src\fluidcontrol\machinegraph\MachineGraph.cpp">
      <Filter>Source Files</Filter>
    </ClCompile>
    <ClCompile Include="src\operables\VariableTable.cpp">
      <Filter>Source Files</Filter>
    </ClCompile>
    <ClCompile Include="src\operables\comparison\BooleanComparison.cpp">
      <Filter>Source Files</Filter>
    </ClCompile>
    <ClCompile Include="src\operables\comparison\SimpleComparison.cpp">
      <Filter>Source Files</Filter>
    </ClCompile>
    <ClCompile Include="src\operables\mathematics\ArithmeticOperation.cpp">
      <Filter>Source Files</Filter>
    </ClCompile>
    <ClCompile Include="src\operables\mathematics\ConstantNumber.cpp">
      <Filter>Source Files</Filter>
    </ClCompile>
    <ClCompile Include="src\operables\mathematics\UnaryOperation.cpp">
      <Filter>Source Files</Filter>
    </ClCompile>
    <ClCompile Include="src\operables\mathematics\VariableEntry.cpp">
      <Filter>Source Files</Filter>
    </ClCompile>
    <ClCompile Include="src\protocolgraph\ConditionEdge.cpp">
      <Filter>Source Files</Filter>
    </ClCompile>
    <ClCompile Include="src\protocolgraph\ProtocolGraph.cpp">
      <Filter>Source Files</Filter>
    </ClCompile>
    <ClCompile Include="src\protocolgraph\operations\AssignationOperation.cpp">
      <Filter>Source Files</Filter>
    </ClCompile>
    <ClCompile Include="src\protocolgraph\operations\DivergeNode.cpp">
      <Filter>Source Files</Filter>
    </ClCompile>
    <ClCompile Include="src\protocolgraph\operations\LoopNode.cpp">
      <Filter>Source Files</Filter>
    </ClCompile>
    <ClCompile Include="src\protocolgraph\operations\container\ApplyLight.cpp">
      <Filter>Source Files</Filter>
    </ClCompile>
    <ClCompile Include="src\protocolgraph\operations\container\ApplyTemperature.cpp">
      <Filter>Source Files</Filter>
    </ClCompile>
    <ClCompile Include="src\protocolgraph\operations\container\GetVolume.cpp">
      <Filter>Source Files</Filter>
    </ClCompile>
    <ClCompile Include="src\protocolgraph\operations\container\LoadContainerOperation.cpp">
      <Filter>Source Files</Filter>
    </ClCompile>
    <ClCompile Include="src\protocolgraph\operations\container\MeasureOD.cpp">
      <Filter>Source Files</Filter>
    </ClCompile>
    <ClCompile Include="src\protocolgraph\operations\container\Mix.cpp">
      <Filter>Source Files</Filter>
    </ClCompile>
    <ClCompile Include="src\protocolgraph\operations\container\SetContinousFlow.cpp">
      <Filter>Source Files</Filter>
    </ClCompile>
    <ClCompile Include="src\protocolgraph\operations\container\Stir.cpp">
      <Filter>Source Files</Filter>
    </ClCompile>
    <ClCompile Include="src\protocolgraph\operations\container\TimeStep.cpp">
      <Filter>Source Files</Filter>
    </ClCompile>
    <ClCompile Include="src\protocolgraph\operations\container\Transfer.cpp">
      <Filter>Source Files</Filter>
    </ClCompile>
    <ClCompile Include="src\testactuator\EvoprogContinuousPump.cpp">
      <Filter>Source Files</Filter>
    </ClCompile>
    <ClCompile Include="src\testactuator\EvoprogDiscretePump.cpp">
      <Filter>Source Files</Filter>
    </ClCompile>
    <ClCompile Include="src\testactuator\EvoprogDummyInjector.cpp">
      <Filter>Source Files</Filter>
    </ClCompile>
    <ClCompile Include="src\testactuator\EvoprogLight.cpp">
      <Filter>Source Files</Filter>
    </ClCompile>
    <ClCompile Include="src\testactuator\EvoprogMixer.cpp">
      <Filter>Source Files</Filter>
    </ClCompile>
    <ClCompile Include="src\testactuator\EvoprogOdSensor.cpp">
      <Filter>Source Files</Filter>
    </ClCompile>
    <ClCompile Include="src\testactuator\EvoprogSixwayValve.cpp">
      <Filter>Source Files</Filter>
    </ClCompile>
    <ClCompile Include="src\testactuator\EvoprogTemperature.cpp">
      <Filter>Source Files</Filter>
    </ClCompile>
    <ClCompile Include="src\util\AutoEnumerate.cpp">
      <Filter>Source Files</Filter>
    </ClCompile>
    <ClCompile Include="src\util\Utils.cpp">
      <Filter>Source Files</Filter>
    </ClCompile>
    <ClCompile Include="src\fluidControl\ContinuousFlowEngine.cpp">
      <Filter>Source Files</Filter>
    </ClCompile>
    <ClCompile Include="src\plugin\PluginFileLoader.cpp">
      <Filter>Source Files</Filter>
    </ClCompile>
    <ClCompile Include="src\plugin\PythonEnvironment.cpp">
      <Filter>Source Files</Filter>
    </ClCompile>
    <ClCompile Include="src\plugin\actuators\ExtractorPlugin.cpp">
      <Filter>Source Files</Filter>
    </ClCompile>
    <ClCompile Include="src\plugin\actuators\InjectorPlugin.cpp">
      <Filter>Source Files</Filter>
    </ClCompile>
    <ClCompile Include="src\plugin\actuators\ControlPlugin.cpp">
      <Filter>Source Files</Filter>
    </ClCompile>
    <ClCompile Include="src\plugin\actuators\MixerPlugin.cpp">
      <Filter>Source Files</Filter>
    </ClCompile>
    <ClCompile Include="src\plugin\actuators\TemperaturePlugin.cpp">
      <Filter>Source Files</Filter>
    </ClCompile>
    <ClCompile Include="src\plugin\actuators\ODSensorPlugin.cpp">
      <Filter>Source Files</Filter>
    </ClCompile>
    <ClCompile Include="src\plugin\actuators\LightPlugin.cpp">
      <Filter>Source Files</Filter>
    </ClCompile>
  </ItemGroup>
  <ItemGroup>
    <ClInclude Include="lib\easylogging++.h">
      <Filter>Header Files</Filter>
    </ClInclude>
    <ClInclude Include="src\Test.h">
      <Filter>Header Files</Filter>
    </ClInclude>
    <ClInclude Include="src\fluidcontrol\EvoCoder.h">
      <Filter>Header Files</Filter>
    </ClInclude>
    <ClInclude Include="src\fluidcontrol\Mapping.h">
      <Filter>Header Files</Filter>
    </ClInclude>
    <ClInclude Include="src\fluidcontrol\MappingEngine.h">
      <Filter>Header Files</Filter>
    </ClInclude>
    <ClInclude Include="src\fluidcontrol\executable\ExecutableMachineGraph.h">
      <Filter>Header Files</Filter>
    </ClInclude>
    <ClInclude Include="src\fluidcontrol\executable\containers\BidirectionalSwitch.h">
      <Filter>Header Files</Filter>
    </ClInclude>
    <ClInclude Include="src\fluidcontrol\executable\containers\ConvergentSwitch.h">
      <Filter>Header Files</Filter>
    </ClInclude>
    <ClInclude Include="src\fluidcontrol\executable\containers\ConvergentSwitchInlet.h">
      <Filter>Header Files</Filter>
    </ClInclude>
    <ClInclude Include="src\fluidcontrol\executable\containers\DivergentSwitch.h">
      <Filter>Header Files</Filter>
    </ClInclude>
    <ClInclude Include="src\fluidcontrol\executable\containers\DivergentSwitchSink.h">
      <Filter>Header Files</Filter>
    </ClInclude>
    <ClInclude Include="src\fluidcontrol\executable\containers\ExecutableContainerNode.h">
      <Filter>Header Files</Filter>
    </ClInclude>
    <ClInclude Include="src\fluidcontrol\executable\containers\FlowContainer.h">
      <Filter>Header Files</Filter>
    </ClInclude>
    <ClInclude Include="src\fluidcontrol\executable\containers\InletContainer.h">
      <Filter>Header Files</Filter>
    </ClInclude>
    <ClInclude Include="src\fluidcontrol\executable\containers\SinkContainer.h">
      <Filter>Header Files</Filter>
    </ClInclude>
    <ClInclude Include="src\fluidcontrol\executable\containers\actuators\Instructable.h">
      <Filter>Header Files</Filter>
    </ClInclude>
    <ClInclude Include="src\fluidcontrol\executable\containers\actuators\communications\CommandSender.h">
      <Filter>Header Files</Filter>
    </ClInclude>
    <ClInclude Include="src\fluidcontrol\executable\containers\actuators\communications\CommunicationsInterface.h">
      <Filter>Header Files</Filter>
    </ClInclude>
    <ClInclude Include="src\fluidcontrol\executable\containers\actuators\communications\FileSender.h">
      <Filter>Header Files</Filter>
    </ClInclude>
    <ClInclude Include="src\fluidcontrol\executable\containers\actuators\communications\SerialSender.h">
      <Filter>Header Files</Filter>
    </ClInclude>
    <ClInclude Include="src\fluidcontrol\executable\containers\actuators\extras\Light.h">
      <Filter>Header Files</Filter>
    </ClInclude>
    <ClInclude Include="src\fluidcontrol\executable\containers\actuators\extras\Mixer.h">
      <Filter>Header Files</Filter>
    </ClInclude>
    <ClInclude Include="src\fluidcontrol\executable\containers\actuators\extras\ODSensor.h">
      <Filter>Header Files</Filter>
    </ClInclude>
    <ClInclude Include="src\fluidcontrol\executable\containers\actuators\extras\Temperature.h">
      <Filter>Header Files</Filter>
    </ClInclude>
    <ClInclude Include="src\fluidcontrol\executable\containers\actuators\liquids\Control.h">
      <Filter>Header Files</Filter>
    </ClInclude>
    <ClInclude Include="src\fluidcontrol\executable\containers\actuators\liquids\Extractor.h">
      <Filter>Header Files</Filter>
    </ClInclude>
    <ClInclude Include="src\fluidcontrol\executable\containers\actuators\liquids\Injector.h">
      <Filter>Header Files</Filter>
    </ClInclude>
    <ClInclude Include="src\fluidcontrol\machinegraph\ContainerNode.h">
      <Filter>Header Files</Filter>
    </ClInclude>
    <ClInclude Include="src\fluidcontrol\machinegraph\ContainerNodeType.h">
      <Filter>Header Files</Filter>
    </ClInclude>
    <ClInclude Include="src\fluidcontrol\machinegraph\MachineGraph.h">
      <Filter>Header Files</Filter>
    </ClInclude>
    <ClInclude Include="src\graph\Edge.h">
      <Filter>Header Files</Filter>
    </ClInclude>
    <ClInclude Include="src\graph\Flow.h">
      <Filter>Header Files</Filter>
    </ClInclude>
    <ClInclude Include="src\graph\FlowPtrComparator.h">
      <Filter>Header Files</Filter>
    </ClInclude>
    <ClInclude Include="src\graph\Graph.h">
      <Filter>Header Files</Filter>
    </ClInclude>
    <ClInclude Include="src\graph\Node.h">
      <Filter>Header Files</Filter>
    </ClInclude>
    <ClInclude Include="src\operables\VariableTable.h">
      <Filter>Header Files</Filter>
    </ClInclude>
    <ClInclude Include="src\operables\comparison\BooleanComparison.h">
      <Filter>Header Files</Filter>
    </ClInclude>
    <ClInclude Include="src\operables\comparison\ComparisonOperable.h">
      <Filter>Header Files</Filter>
    </ClInclude>
    <ClInclude Include="src\operables\comparison\SimpleComparison.h">
      <Filter>Header Files</Filter>
    </ClInclude>
    <ClInclude Include="src\operables\comparison\Tautology.h">
      <Filter>Header Files</Filter>
    </ClInclude>
    <ClInclude Include="src\operables\mathematics\ArithmeticOperation.h">
      <Filter>Header Files</Filter>
    </ClInclude>
    <ClInclude Include="src\operables\mathematics\ConstantNumber.h">
      <Filter>Header Files</Filter>
    </ClInclude>
    <ClInclude Include="src\operables\mathematics\MathematicOperable.h">
      <Filter>Header Files</Filter>
    </ClInclude>
    <ClInclude Include="src\operables\mathematics\UnaryOperation.h">
      <Filter>Header Files</Filter>
    </ClInclude>
    <ClInclude Include="src\operables\mathematics\VariableEntry.h">
      <Filter>Header Files</Filter>
    </ClInclude>
    <ClInclude Include="src\protocolgraph\ConditionEdge.h">
      <Filter>Header Files</Filter>
    </ClInclude>
    <ClInclude Include="src\protocolgraph\OperationNode.h">
      <Filter>Header Files</Filter>
    </ClInclude>
    <ClInclude Include="src\protocolgraph\ProtocolGraph.h">
      <Filter>Header Files</Filter>
    </ClInclude>
    <ClInclude Include="src\protocolgraph\operations\AssignationOperation.h">
      <Filter>Header Files</Filter>
    </ClInclude>
    <ClInclude Include="src\protocolgraph\operations\DivergeNode.h">
      <Filter>Header Files</Filter>
    </ClInclude>
    <ClInclude Include="src\protocolgraph\operations\LoopNode.h">
      <Filter>Header Files</Filter>
    </ClInclude>
    <ClInclude Include="src\protocolgraph\operations\container\ApplyLight.h">
      <Filter>Header Files</Filter>
    </ClInclude>
    <ClInclude Include="src\protocolgraph\operations\container\ApplyTemperature.h">
      <Filter>Header Files</Filter>
    </ClInclude>
    <ClInclude Include="src\protocolgraph\operations\container\ContainerOperation.h">
      <Filter>Header Files</Filter>
    </ClInclude>
    <ClInclude Include="src\protocolgraph\operations\container\GetVolume.h">
      <Filter>Header Files</Filter>
    </ClInclude>
    <ClInclude Include="src\protocolgraph\operations\container\LoadContainerOperation.h">
      <Filter>Header Files</Filter>
    </ClInclude>
    <ClInclude Include="src\protocolgraph\operations\container\MeasureOD.h">
      <Filter>Header Files</Filter>
    </ClInclude>
    <ClInclude Include="src\protocolgraph\operations\container\Mix.h">
      <Filter>Header Files</Filter>
    </ClInclude>
    <ClInclude Include="src\protocolgraph\operations\container\SetContinousFlow.h">
      <Filter>Header Files</Filter>
    </ClInclude>
    <ClInclude Include="src\protocolgraph\operations\container\Stir.h">
      <Filter>Header Files</Filter>
    </ClInclude>
    <ClInclude Include="src\protocolgraph\operations\container\TimeStep.h">
      <Filter>Header Files</Filter>
    </ClInclude>
    <ClInclude Include="src\protocolgraph\operations\container\Transfer.h">
      <Filter>Header Files</Filter>
    </ClInclude>
    <ClInclude Include="src\testactuator\EvoprogContinuousPump.h">
      <Filter>Header Files</Filter>
    </ClInclude>
    <ClInclude Include="src\testactuator\EvoprogDiscretePump.h">
      <Filter>Header Files</Filter>
    </ClInclude>
    <ClInclude Include="src\testactuator\EvoprogDummyInjector.h">
      <Filter>Header Files</Filter>
    </ClInclude>
    <ClInclude Include="src\testactuator\EvoprogLight.h">
      <Filter>Header Files</Filter>
    </ClInclude>
    <ClInclude Include="src\testactuator\EvoprogMixer.h">
      <Filter>Header Files</Filter>
    </ClInclude>
    <ClInclude Include="src\testactuator\EvoprogOdSensor.h">
      <Filter>Header Files</Filter>
    </ClInclude>
    <ClInclude Include="src\testactuator\EvoprogSixwayValve.h">
      <Filter>Header Files</Filter>
    </ClInclude>
    <ClInclude Include="src\testactuator\EvoprogTemperature.h">
      <Filter>Header Files</Filter>
    </ClInclude>
    <ClInclude Include="src\util\AutoEnumerate.h">
      <Filter>Header Files</Filter>
    </ClInclude>
    <ClInclude Include="src\util\ContainersUtils.h">
      <Filter>Header Files</Filter>
    </ClInclude>
    <ClInclude Include="src\util\Patch.h">
      <Filter>Header Files</Filter>
    </ClInclude>
    <ClInclude Include="src\util\Utils.h">
      <Filter>Header Files</Filter>
    </ClInclude>
    <ClInclude Include="src\fluidControl\ContinuousFlowEngine.h">
      <Filter>Header Files</Filter>
    </ClInclude>
    <ClInclude Include="src\plugin\PluginFileLoader.h">
      <Filter>Header Files</Filter>
    </ClInclude>
    <ClInclude Include="src\plugin\PythonEnvironment.h">
      <Filter>Header Files</Filter>
    </ClInclude>
    <ClInclude Include="src\plugin\actuators\ExtractorPlugin.h">
      <Filter>Header Files</Filter>
    </ClInclude>
    <ClInclude Include="src\plugin\actuators\InjectorPlugin.h">
      <Filter>Header Files</Filter>
    </ClInclude>
    <ClInclude Include="src\plugin\actuators\ControlPlugin.h">
      <Filter>Header Files</Filter>
    </ClInclude>
    <ClInclude Include="src\plugin\actuators\MixerPlugin.h">
      <Filter>Header Files</Filter>
    </ClInclude>
    <ClInclude Include="src\plugin\actuators\TemperaturePlugin.h">
      <Filter>Header Files</Filter>
    </ClInclude>
    <ClInclude Include="src\plugin\actuators\ODSensorPlugin.h">
      <Filter>Header Files</Filter>
    </ClInclude>
    <ClInclude Include="src\plugin\actuators\LightPlugin.h">
      <Filter>Header Files</Filter>
    </ClInclude>
  </ItemGroup>
</Project>